
Microsoft Visual Studio Solution File, Format Version 12.00
# Visual Studio Version 18
VisualStudioVersion = 18.3.11222.16 d18.3
MinimumVisualStudioVersion = 10.0.40219.1
Project("{FAE04EC0-301F-11D3-BF4B-00C04F79EFBC}") = "ContractorPlatform", "ContractorPlatform\ContractorPlatform.csproj", "{47512B13-52AA-48BF-88C7-83B94149B8CC}"
EndProject
Global
	GlobalSection(SolutionConfigurationPlatforms) = preSolution
		Debug|Any CPU = Debug|Any CPU
		Release|Any CPU = Release|Any CPU
	EndGlobalSection
	GlobalSection(ProjectConfigurationPlatforms) = postSolution
		{47512B13-52AA-48BF-88C7-83B94149B8CC}.Debug|Any CPU.ActiveCfg = Debug|Any CPU
		{47512B13-52AA-48BF-88C7-83B94149B8CC}.Debug|Any CPU.Build.0 = Debug|Any CPU
		{47512B13-52AA-48BF-88C7-83B94149B8CC}.Release|Any CPU.ActiveCfg = Release|Any CPU
		{47512B13-52AA-48BF-88C7-83B94149B8CC}.Release|Any CPU.Build.0 = Release|Any CPU
	EndGlobalSection
	GlobalSection(SolutionProperties) = preSolution
		HideSolutionNode = FALSE
	EndGlobalSection
	GlobalSection(ExtensibilityGlobals) = postSolution
		SolutionGuid = {115D24F2-DF0D-421E-B960-08E7A3DFE75E}
	EndGlobalSection
EndGlobal
